
Microsoft Visual Studio Solution File, Format Version 12.00
# Visual Studio Version 16
VisualStudioVersion = 16.0.30225.117
MinimumVisualStudioVersion = 10.0.40219.1
Project("{FAE04EC0-301F-11D3-BF4B-00C04F79EFBC}") = "AdvancedCSharpCore", "AdvancedCSharpCore\AdvancedCSharpCore.csproj", "{863AA05E-FEF4-459B-A241-C7399412CE20}"
EndProject
Project("{FAE04EC0-301F-11D3-BF4B-00C04F79EFBC}") = "AdvancedCSharpConsole", "AdvancedCSharpConsole\AdvancedCSharpConsole.csproj", "{27C844D0-3E1A-4977-B605-E5139BC761AB}"
EndProject
Project("{FAE04EC0-301F-11D3-BF4B-00C04F79EFBC}") = "AdvancedCSharpVisitorCore", "AdvancedCSharpVisitorCore\AdvancedCSharpVisitorCore.csproj", "{531DAA02-83A4-4D9D-BD01-9BE03841B560}"
EndProject
Project("{FAE04EC0-301F-11D3-BF4B-00C04F79EFBC}") = "AdvancedCsharpVisitorConsole", "AdvancedCsharpVisitorConsole\AdvancedCsharpVisitorConsole.csproj", "{0600B327-F0FB-4CDC-A07D-EF5AFB3B5A4F}"
EndProject
Global
	GlobalSection(SolutionConfigurationPlatforms) = preSolution
		Debug|Any CPU = Debug|Any CPU
		Release|Any CPU = Release|Any CPU
	EndGlobalSection
	GlobalSection(ProjectConfigurationPlatforms) = postSolution
		{863AA05E-FEF4-459B-A241-C7399412CE20}.Debug|Any CPU.ActiveCfg = Debug|Any CPU
		{863AA05E-FEF4-459B-A241-C7399412CE20}.Debug|Any CPU.Build.0 = Debug|Any CPU
		{863AA05E-FEF4-459B-A241-C7399412CE20}.Release|Any CPU.ActiveCfg = Release|Any CPU
		{863AA05E-FEF4-459B-A241-C7399412CE20}.Release|Any CPU.Build.0 = Release|Any CPU
		{27C844D0-3E1A-4977-B605-E5139BC761AB}.Debug|Any CPU.ActiveCfg = Debug|Any CPU
		{27C844D0-3E1A-4977-B605-E5139BC761AB}.Debug|Any CPU.Build.0 = Debug|Any CPU
		{27C844D0-3E1A-4977-B605-E5139BC761AB}.Release|Any CPU.ActiveCfg = Release|Any CPU
		{27C844D0-3E1A-4977-B605-E5139BC761AB}.Release|Any CPU.Build.0 = Release|Any CPU
		{531DAA02-83A4-4D9D-BD01-9BE03841B560}.Debug|Any CPU.ActiveCfg = Debug|Any CPU
		{531DAA02-83A4-4D9D-BD01-9BE03841B560}.Debug|Any CPU.Build.0 = Debug|Any CPU
		{531DAA02-83A4-4D9D-BD01-9BE03841B560}.Release|Any CPU.ActiveCfg = Release|Any CPU
		{531DAA02-83A4-4D9D-BD01-9BE03841B560}.Release|Any CPU.Build.0 = Release|Any CPU
		{0600B327-F0FB-4CDC-A07D-EF5AFB3B5A4F}.Debug|Any CPU.ActiveCfg = Debug|Any CPU
		{0600B327-F0FB-4CDC-A07D-EF5AFB3B5A4F}.Debug|Any CPU.Build.0 = Debug|Any CPU
		{0600B327-F0FB-4CDC-A07D-EF5AFB3B5A4F}.Release|Any CPU.ActiveCfg = Release|Any CPU
		{0600B327-F0FB-4CDC-A07D-EF5AFB3B5A4F}.Release|Any CPU.Build.0 = Release|Any CPU
	EndGlobalSection
	GlobalSection(SolutionProperties) = preSolution
		HideSolutionNode = FALSE
	EndGlobalSection
	GlobalSection(ExtensibilityGlobals) = postSolution
		SolutionGuid = {39C4DB52-581D-4D61-A83D-42ABF667B6F0}
	EndGlobalSection
EndGlobal
